
Microsoft Visual Studio Solution File, Format Version 12.00
# Visual Studio Version 16
VisualStudioVersion = 16.0.31112.23
MinimumVisualStudioVersion = 10.0.40219.1
Project("{9A19103F-16F7-4668-BE54-9A1E7A4F7556}") = "InternshipClass", "InternshipClass.csproj", "{9EB1C3C5-027B-4411-80B0-3B99686DC067}"
EndProject
Project("{9A19103F-16F7-4668-BE54-9A1E7A4F7556}") = "InternshipClass.Tests", "InternshipClass.Tests\InternshipClass.Tests.csproj", "{7F70264A-CDFE-4290-B016-2D8BAAD1C9FF}"
EndProject
Global
	GlobalSection(SolutionConfigurationPlatforms) = preSolution
		Debug|Any CPU = Debug|Any CPU
		Release|Any CPU = Release|Any CPU
	EndGlobalSection
	GlobalSection(ProjectConfigurationPlatforms) = postSolution
		{9EB1C3C5-027B-4411-80B0-3B99686DC067}.Debug|Any CPU.ActiveCfg = Debug|Any CPU
		{9EB1C3C5-027B-4411-80B0-3B99686DC067}.Debug|Any CPU.Build.0 = Debug|Any CPU
		{9EB1C3C5-027B-4411-80B0-3B99686DC067}.Release|Any CPU.ActiveCfg = Release|Any CPU
		{9EB1C3C5-027B-4411-80B0-3B99686DC067}.Release|Any CPU.Build.0 = Release|Any CPU
		{7F70264A-CDFE-4290-B016-2D8BAAD1C9FF}.Debug|Any CPU.ActiveCfg = Debug|Any CPU
		{7F70264A-CDFE-4290-B016-2D8BAAD1C9FF}.Debug|Any CPU.Build.0 = Debug|Any CPU
		{7F70264A-CDFE-4290-B016-2D8BAAD1C9FF}.Release|Any CPU.ActiveCfg = Release|Any CPU
		{7F70264A-CDFE-4290-B016-2D8BAAD1C9FF}.Release|Any CPU.Build.0 = Release|Any CPU
	EndGlobalSection
	GlobalSection(SolutionProperties) = preSolution
		HideSolutionNode = FALSE
	EndGlobalSection
	GlobalSection(ExtensibilityGlobals) = postSolution
		SolutionGuid = {8766C0A8-C937-496E-8CAB-949B946BD2DD}
	EndGlobalSection
EndGlobal
